
Microsoft Visual Studio Solution File, Format Version 12.00
# Visual Studio Version 16
VisualStudioVersion = 16.0.808.7
MinimumVisualStudioVersion = 10.0.40219.1
Project("{FAE04EC0-301F-11D3-BF4B-00C04F79EFBC}") = "Web_api_pizza", "Web_api_pizza\Web_api_pizza.csproj", "{EC356D4F-E07C-42F7-8875-C254C0F6EA87}"
EndProject
Global
	GlobalSection(SolutionConfigurationPlatforms) = preSolution
		Debug|Any CPU = Debug|Any CPU
		Release|Any CPU = Release|Any CPU
	EndGlobalSection
	GlobalSection(ProjectConfigurationPlatforms) = postSolution
		{EC356D4F-E07C-42F7-8875-C254C0F6EA87}.Debug|Any CPU.ActiveCfg = Debug|Any CPU
		{EC356D4F-E07C-42F7-8875-C254C0F6EA87}.Debug|Any CPU.Build.0 = Debug|Any CPU
		{EC356D4F-E07C-42F7-8875-C254C0F6EA87}.Release|Any CPU.ActiveCfg = Release|Any CPU
		{EC356D4F-E07C-42F7-8875-C254C0F6EA87}.Release|Any CPU.Build.0 = Release|Any CPU
	EndGlobalSection
	GlobalSection(SolutionProperties) = preSolution
		HideSolutionNode = FALSE
	EndGlobalSection
	GlobalSection(ExtensibilityGlobals) = postSolution
		SolutionGuid = {A46D74F5-61BE-463E-8413-DCF595826F46}
	EndGlobalSection
EndGlobal
